// !$*UTF8*$!
{
	archiveVersion = 1;
	classes = {
	};
	objectVersion = 55;
	objects = {

/* Begin PBXBuildFile section */
		B5043F48285850300064D738 /* LoginService.swift in Sources */ = {isa = PBXBuildFile; fileRef = B5043F47285850300064D738 /* LoginService.swift */; };
		B5043F4A285850590064D738 /* Service.swift in Sources */ = {isa = PBXBuildFile; fileRef = B5043F49285850590064D738 /* Service.swift */; };
		B5043F4C285850930064D738 /* DbConstants.swift in Sources */ = {isa = PBXBuildFile; fileRef = B5043F4B285850930064D738 /* DbConstants.swift */; };
		B55F49752856D7E500BC8351 /* FirebaseAuth in Frameworks */ = {isa = PBXBuildFile; productRef = B55F49742856D7E500BC8351 /* FirebaseAuth */; };
		B55F49772856D7E500BC8351 /* FirebaseFirestore in Frameworks */ = {isa = PBXBuildFile; productRef = B55F49762856D7E500BC8351 /* FirebaseFirestore */; };
		B55F49792856D7E500BC8351 /* FirebaseStorage in Frameworks */ = {isa = PBXBuildFile; productRef = B55F49782856D7E500BC8351 /* FirebaseStorage */; };
		B55F497B2856DB6200BC8351 /* LoginPageController.swift in Sources */ = {isa = PBXBuildFile; fileRef = B55F497A2856DB6200BC8351 /* LoginPageController.swift */; };
		B593326628574C7000927312 /* SignupFormController.swift in Sources */ = {isa = PBXBuildFile; fileRef = B593326528574C7000927312 /* SignupFormController.swift */; };
		B593326828574CC900927312 /* GoogleService-Info.plist in Resources */ = {isa = PBXBuildFile; fileRef = B593326728574CC900927312 /* GoogleService-Info.plist */; };
		B593326A2857540500927312 /* User.swift in Sources */ = {isa = PBXBuildFile; fileRef = B59332692857540500927312 /* User.swift */; };
		B5A2283428570D02007665A3 /* AuthButton.swift in Sources */ = {isa = PBXBuildFile; fileRef = B5A2283328570D02007665A3 /* AuthButton.swift */; };
		B5A2283A2857135C007665A3 /* Extensions.swift in Sources */ = {isa = PBXBuildFile; fileRef = B5A2283928571323007665A3 /* Extensions.swift */; };
		B5A2283C285713B0007665A3 /* LoginFormController.swift in Sources */ = {isa = PBXBuildFile; fileRef = B5A2283B285713B0007665A3 /* LoginFormController.swift */; };
		B5A2283E2857166A007665A3 /* CustomUserTextView.swift in Sources */ = {isa = PBXBuildFile; fileRef = B5A2283D2857166A007665A3 /* CustomUserTextView.swift */; };
		B5B555462852FF800076C25E /* AppDelegate.swift in Sources */ = {isa = PBXBuildFile; fileRef = B5B555452852FF800076C25E /* AppDelegate.swift */; };
		B5B555482852FF800076C25E /* SceneDelegate.swift in Sources */ = {isa = PBXBuildFile; fileRef = B5B555472852FF800076C25E /* SceneDelegate.swift */; };
		B5B5554A2852FF800076C25E /* ViewController.swift in Sources */ = {isa = PBXBuildFile; fileRef = B5B555492852FF800076C25E /* ViewController.swift */; };
		B5B5554D2852FF800076C25E /* Main.storyboard in Resources */ = {isa = PBXBuildFile; fileRef = B5B5554B2852FF800076C25E /* Main.storyboard */; };
		B5B5554F2852FF820076C25E /* Assets.xcassets in Resources */ = {isa = PBXBuildFile; fileRef = B5B5554E2852FF820076C25E /* Assets.xcassets */; };
		B5B555522852FF820076C25E /* LaunchScreen.storyboard in Resources */ = {isa = PBXBuildFile; fileRef = B5B555502852FF820076C25E /* LaunchScreen.storyboard */; };
		B5EFBE6328579B1B00579F50 /* UserViewModel.swift in Sources */ = {isa = PBXBuildFile; fileRef = B5EFBE6228579B1B00579F50 /* UserViewModel.swift */; };
		E11B80B42860DDB400CB340E /* Home.storyboard in Resources */ = {isa = PBXBuildFile; fileRef = E11B80B32860DDB400CB340E /* Home.storyboard */; };
		E11B80B62860DDC100CB340E /* HomeViewController.swift in Sources */ = {isa = PBXBuildFile; fileRef = E11B80B52860DDC100CB340E /* HomeViewController.swift */; };
		E11B80B82860E6CC00CB340E /* QuotesModel.swift in Sources */ = {isa = PBXBuildFile; fileRef = E11B80B72860E6CC00CB340E /* QuotesModel.swift */; };
		E198EC462863854D00631556 /* EntryListCell.swift in Sources */ = {isa = PBXBuildFile; fileRef = E198EC442863854D00631556 /* EntryListCell.swift */; };
		E198EC472863854D00631556 /* EntryListCell.xib in Resources */ = {isa = PBXBuildFile; fileRef = E198EC452863854D00631556 /* EntryListCell.xib */; };
		E1E72B332863658B004D6AFE /* ModalPickMonthController.swift in Sources */ = {isa = PBXBuildFile; fileRef = E1E72B322863658B004D6AFE /* ModalPickMonthController.swift */; };
/* End PBXBuildFile section */

/* Begin PBXFileReference section */
		B5043F47285850300064D738 /* LoginService.swift */ = {isa = PBXFileReference; lastKnownFileType = sourcecode.swift; path = LoginService.swift; sourceTree = "<group>"; };
		B5043F49285850590064D738 /* Service.swift */ = {isa = PBXFileReference; lastKnownFileType = sourcecode.swift; path = Service.swift; sourceTree = "<group>"; };
		B5043F4B285850930064D738 /* DbConstants.swift */ = {isa = PBXFileReference; lastKnownFileType = sourcecode.swift; path = DbConstants.swift; sourceTree = "<group>"; };
		B55F497A2856DB6200BC8351 /* LoginPageController.swift */ = {isa = PBXFileReference; lastKnownFileType = sourcecode.swift; path = LoginPageController.swift; sourceTree = "<group>"; };
		B593326528574C7000927312 /* SignupFormController.swift */ = {isa = PBXFileReference; lastKnownFileType = sourcecode.swift; path = SignupFormController.swift; sourceTree = "<group>"; };
		B593326728574CC900927312 /* GoogleService-Info.plist */ = {isa = PBXFileReference; fileEncoding = 4; lastKnownFileType = text.plist.xml; path = "GoogleService-Info.plist"; sourceTree = "<group>"; };
		B59332692857540500927312 /* User.swift */ = {isa = PBXFileReference; lastKnownFileType = sourcecode.swift; path = User.swift; sourceTree = "<group>"; };
		B5A2283328570D02007665A3 /* AuthButton.swift */ = {isa = PBXFileReference; lastKnownFileType = sourcecode.swift; path = AuthButton.swift; sourceTree = "<group>"; };
		B5A2283928571323007665A3 /* Extensions.swift */ = {isa = PBXFileReference; lastKnownFileType = sourcecode.swift; path = Extensions.swift; sourceTree = "<group>"; };
		B5A2283B285713B0007665A3 /* LoginFormController.swift */ = {isa = PBXFileReference; lastKnownFileType = sourcecode.swift; path = LoginFormController.swift; sourceTree = "<group>"; };
		B5A2283D2857166A007665A3 /* CustomUserTextView.swift */ = {isa = PBXFileReference; lastKnownFileType = sourcecode.swift; path = CustomUserTextView.swift; sourceTree = "<group>"; };
		B5B555422852FF800076C25E /* qonfide.app */ = {isa = PBXFileReference; explicitFileType = wrapper.application; includeInIndex = 0; path = qonfide.app; sourceTree = BUILT_PRODUCTS_DIR; };
		B5B555452852FF800076C25E /* AppDelegate.swift */ = {isa = PBXFileReference; lastKnownFileType = sourcecode.swift; path = AppDelegate.swift; sourceTree = "<group>"; };
		B5B555472852FF800076C25E /* SceneDelegate.swift */ = {isa = PBXFileReference; lastKnownFileType = sourcecode.swift; path = SceneDelegate.swift; sourceTree = "<group>"; };
		B5B555492852FF800076C25E /* ViewController.swift */ = {isa = PBXFileReference; lastKnownFileType = sourcecode.swift; path = ViewController.swift; sourceTree = "<group>"; };
		B5B5554C2852FF800076C25E /* Base */ = {isa = PBXFileReference; lastKnownFileType = file.storyboard; name = Base; path = Base.lproj/Main.storyboard; sourceTree = "<group>"; };
		B5B5554E2852FF820076C25E /* Assets.xcassets */ = {isa = PBXFileReference; lastKnownFileType = folder.assetcatalog; path = Assets.xcassets; sourceTree = "<group>"; };
		B5B555512852FF820076C25E /* Base */ = {isa = PBXFileReference; lastKnownFileType = file.storyboard; name = Base; path = Base.lproj/LaunchScreen.storyboard; sourceTree = "<group>"; };
		B5B555532852FF820076C25E /* Info.plist */ = {isa = PBXFileReference; lastKnownFileType = text.plist.xml; path = Info.plist; sourceTree = "<group>"; };
		B5EFBE6228579B1B00579F50 /* UserViewModel.swift */ = {isa = PBXFileReference; lastKnownFileType = sourcecode.swift; path = UserViewModel.swift; sourceTree = "<group>"; };
		E11B80B32860DDB400CB340E /* Home.storyboard */ = {isa = PBXFileReference; lastKnownFileType = file.storyboard; path = Home.storyboard; sourceTree = "<group>"; };
		E11B80B52860DDC100CB340E /* HomeViewController.swift */ = {isa = PBXFileReference; lastKnownFileType = sourcecode.swift; path = HomeViewController.swift; sourceTree = "<group>"; };
		E11B80B72860E6CC00CB340E /* QuotesModel.swift */ = {isa = PBXFileReference; lastKnownFileType = sourcecode.swift; path = QuotesModel.swift; sourceTree = "<group>"; };
		E198EC442863854D00631556 /* EntryListCell.swift */ = {isa = PBXFileReference; lastKnownFileType = sourcecode.swift; path = EntryListCell.swift; sourceTree = "<group>"; };
		E198EC452863854D00631556 /* EntryListCell.xib */ = {isa = PBXFileReference; lastKnownFileType = file.xib; path = EntryListCell.xib; sourceTree = "<group>"; };
		E1E72B322863658B004D6AFE /* ModalPickMonthController.swift */ = {isa = PBXFileReference; lastKnownFileType = sourcecode.swift; path = ModalPickMonthController.swift; sourceTree = "<group>"; };
/* End PBXFileReference section */

/* Begin PBXFrameworksBuildPhase section */
		B5B5553F2852FF800076C25E /* Frameworks */ = {
			isa = PBXFrameworksBuildPhase;
			buildActionMask = 2147483647;
			files = (
				B55F49752856D7E500BC8351 /* FirebaseAuth in Frameworks */,
				B55F49772856D7E500BC8351 /* FirebaseFirestore in Frameworks */,
				B55F49792856D7E500BC8351 /* FirebaseStorage in Frameworks */,
			);
			runOnlyForDeploymentPostprocessing = 0;
		};
/* End PBXFrameworksBuildPhase section */

/* Begin PBXGroup section */
		B5A22835285712CA007665A3 /* Model */ = {
			isa = PBXGroup;
			children = (
				B59332692857540500927312 /* User.swift */,
				B5EFBE6228579B1B00579F50 /* UserViewModel.swift */,
			);
			path = Model;
			sourceTree = "<group>";
		};
		B5A228362857130B007665A3 /* View */ = {
			isa = PBXGroup;
			children = (
				B5A2283328570D02007665A3 /* AuthButton.swift */,
				B5A2283D2857166A007665A3 /* CustomUserTextView.swift */,
			);
			path = View;
			sourceTree = "<group>";
		};
		B5A2283728571314007665A3 /* Controller */ = {
			isa = PBXGroup;
			children = (
				B55F497A2856DB6200BC8351 /* LoginPageController.swift */,
				B5A2283B285713B0007665A3 /* LoginFormController.swift */,
				B593326528574C7000927312 /* SignupFormController.swift */,
			);
			path = Controller;
			sourceTree = "<group>";
		};
		B5A228382857131F007665A3 /* Utils */ = {
			isa = PBXGroup;
			children = (
				B5A2283928571323007665A3 /* Extensions.swift */,
				B5043F49285850590064D738 /* Service.swift */,
				B5043F47285850300064D738 /* LoginService.swift */,
				B5043F4B285850930064D738 /* DbConstants.swift */,
			);
			path = Utils;
			sourceTree = "<group>";
		};
		B5B555392852FF800076C25E = {
			isa = PBXGroup;
			children = (
				B5B555442852FF800076C25E /* qonfide */,
				B5B555432852FF800076C25E /* Products */,
			);
			sourceTree = "<group>";
		};
		B5B555432852FF800076C25E /* Products */ = {
			isa = PBXGroup;
			children = (
				B5B555422852FF800076C25E /* qonfide.app */,
			);
			name = Products;
			sourceTree = "<group>";
		};
		B5B555442852FF800076C25E /* qonfide */ = {
			isa = PBXGroup;
			children = (
				E11B80B22860DDA300CB340E /* Home */,
				B5A22835285712CA007665A3 /* Model */,
				B5A228362857130B007665A3 /* View */,
				B5A2283728571314007665A3 /* Controller */,
				B5A228382857131F007665A3 /* Utils */,
				B5B555452852FF800076C25E /* AppDelegate.swift */,
				B5B555472852FF800076C25E /* SceneDelegate.swift */,
				B5B555492852FF800076C25E /* ViewController.swift */,
				B5B5554B2852FF800076C25E /* Main.storyboard */,
				B5B5554E2852FF820076C25E /* Assets.xcassets */,
				B5B555502852FF820076C25E /* LaunchScreen.storyboard */,
				B5B555532852FF820076C25E /* Info.plist */,
				B593326728574CC900927312 /* GoogleService-Info.plist */,
			);
			path = qonfide;
			sourceTree = "<group>";
		};
		E11B80B22860DDA300CB340E /* Home */ = {
			isa = PBXGroup;
			children = (
				E198EC3F2863848900631556 /* Cell */,
				E11B80B32860DDB400CB340E /* Home.storyboard */,
				E11B80B52860DDC100CB340E /* HomeViewController.swift */,
				E11B80B72860E6CC00CB340E /* QuotesModel.swift */,
				E1E72B322863658B004D6AFE /* ModalPickMonthController.swift */,
			);
			path = Home;
			sourceTree = "<group>";
		};
		E198EC3F2863848900631556 /* Cell */ = {
			isa = PBXGroup;
			children = (
				E198EC442863854D00631556 /* EntryListCell.swift */,
				E198EC452863854D00631556 /* EntryListCell.xib */,
			);
			path = Cell;
			sourceTree = "<group>";
		};
/* End PBXGroup section */

/* Begin PBXNativeTarget section */
		B5B555412852FF800076C25E /* qonfide */ = {
			isa = PBXNativeTarget;
			buildConfigurationList = B5B555562852FF820076C25E /* Build configuration list for PBXNativeTarget "qonfide" */;
			buildPhases = (
				B5B5553E2852FF800076C25E /* Sources */,
				B5B5553F2852FF800076C25E /* Frameworks */,
				B5B555402852FF800076C25E /* Resources */,
			);
			buildRules = (
			);
			dependencies = (
			);
			name = qonfide;
			packageProductDependencies = (
				B55F49742856D7E500BC8351 /* FirebaseAuth */,
				B55F49762856D7E500BC8351 /* FirebaseFirestore */,
				B55F49782856D7E500BC8351 /* FirebaseStorage */,
			);
			productName = qonfide;
			productReference = B5B555422852FF800076C25E /* qonfide.app */;
			productType = "com.apple.product-type.application";
		};
/* End PBXNativeTarget section */

/* Begin PBXProject section */
		B5B5553A2852FF800076C25E /* Project object */ = {
			isa = PBXProject;
			attributes = {
				BuildIndependentTargetsInParallel = 1;
				LastSwiftUpdateCheck = 1340;
				LastUpgradeCheck = 1340;
				TargetAttributes = {
					B5B555412852FF800076C25E = {
						CreatedOnToolsVersion = 13.4.1;
					};
				};
			};
			buildConfigurationList = B5B5553D2852FF800076C25E /* Build configuration list for PBXProject "qonfide" */;
			compatibilityVersion = "Xcode 13.0";
			developmentRegion = en;
			hasScannedForEncodings = 0;
			knownRegions = (
				en,
				Base,
			);
			mainGroup = B5B555392852FF800076C25E;
			packageReferences = (
				B55F49732856D7E500BC8351 /* XCRemoteSwiftPackageReference "firebase-ios-sdk" */,
			);
			productRefGroup = B5B555432852FF800076C25E /* Products */;
			projectDirPath = "";
			projectRoot = "";
			targets = (
				B5B555412852FF800076C25E /* qonfide */,
			);
		};
/* End PBXProject section */

/* Begin PBXResourcesBuildPhase section */
		B5B555402852FF800076C25E /* Resources */ = {
			isa = PBXResourcesBuildPhase;
			buildActionMask = 2147483647;
			files = (
				E198EC472863854D00631556 /* EntryListCell.xib in Resources */,
				B5B555522852FF820076C25E /* LaunchScreen.storyboard in Resources */,
				E11B80B42860DDB400CB340E /* Home.storyboard in Resources */,
				B593326828574CC900927312 /* GoogleService-Info.plist in Resources */,
				B5B5554F2852FF820076C25E /* Assets.xcassets in Resources */,
				B5B5554D2852FF800076C25E /* Main.storyboard in Resources */,
			);
			runOnlyForDeploymentPostprocessing = 0;
		};
/* End PBXResourcesBuildPhase section */

/* Begin PBXSourcesBuildPhase section */
		B5B5553E2852FF800076C25E /* Sources */ = {
			isa = PBXSourcesBuildPhase;
			buildActionMask = 2147483647;
			files = (
				B593326628574C7000927312 /* SignupFormController.swift in Sources */,
				E1E72B332863658B004D6AFE /* ModalPickMonthController.swift in Sources */,
				E198EC462863854D00631556 /* EntryListCell.swift in Sources */,
				B5043F4A285850590064D738 /* Service.swift in Sources */,
				B5A2283428570D02007665A3 /* AuthButton.swift in Sources */,
				B5043F4C285850930064D738 /* DbConstants.swift in Sources */,
				B5EFBE6328579B1B00579F50 /* UserViewModel.swift in Sources */,
				E11B80B62860DDC100CB340E /* HomeViewController.swift in Sources */,
				B5A2283A2857135C007665A3 /* Extensions.swift in Sources */,
				B5A2283C285713B0007665A3 /* LoginFormController.swift in Sources */,
				B5B5554A2852FF800076C25E /* ViewController.swift in Sources */,
				B5B555462852FF800076C25E /* AppDelegate.swift in Sources */,
				B5043F48285850300064D738 /* LoginService.swift in Sources */,
				B5A2283E2857166A007665A3 /* CustomUserTextView.swift in Sources */,
				B55F497B2856DB6200BC8351 /* LoginPageController.swift in Sources */,
				B593326A2857540500927312 /* User.swift in Sources */,
				E11B80B82860E6CC00CB340E /* QuotesModel.swift in Sources */,
				B5B555482852FF800076C25E /* SceneDelegate.swift in Sources */,
			);
			runOnlyForDeploymentPostprocessing = 0;
		};
/* End PBXSourcesBuildPhase section */

/* Begin PBXVariantGroup section */
		B5B5554B2852FF800076C25E /* Main.storyboard */ = {
			isa = PBXVariantGroup;
			children = (
				B5B5554C2852FF800076C25E /* Base */,
			);
			name = Main.storyboard;
			sourceTree = "<group>";
		};
		B5B555502852FF820076C25E /* LaunchScreen.storyboard */ = {
			isa = PBXVariantGroup;
			children = (
				B5B555512852FF820076C25E /* Base */,
			);
			name = LaunchScreen.storyboard;
			sourceTree = "<group>";
		};
/* End PBXVariantGroup section */

/* Begin XCBuildConfiguration section */
		B5B555542852FF820076C25E /* Debug */ = {
			isa = XCBuildConfiguration;
			buildSettings = {
				ALWAYS_SEARCH_USER_PATHS = NO;
				CLANG_ANALYZER_NONNULL = YES;
				CLANG_ANALYZER_NUMBER_OBJECT_CONVERSION = YES_AGGRESSIVE;
				CLANG_CXX_LANGUAGE_STANDARD = "gnu++17";
				CLANG_ENABLE_MODULES = YES;
				CLANG_ENABLE_OBJC_ARC = YES;
				CLANG_ENABLE_OBJC_WEAK = YES;
				CLANG_WARN_BLOCK_CAPTURE_AUTORELEASING = YES;
				CLANG_WARN_BOOL_CONVERSION = YES;
				CLANG_WARN_COMMA = YES;
				CLANG_WARN_CONSTANT_CONVERSION = YES;
				CLANG_WARN_DEPRECATED_OBJC_IMPLEMENTATIONS = YES;
				CLANG_WARN_DIRECT_OBJC_ISA_USAGE = YES_ERROR;
				CLANG_WARN_DOCUMENTATION_COMMENTS = YES;
				CLANG_WARN_EMPTY_BODY = YES;
				CLANG_WARN_ENUM_CONVERSION = YES;
				CLANG_WARN_INFINITE_RECURSION = YES;
				CLANG_WARN_INT_CONVERSION = YES;
				CLANG_WARN_NON_LITERAL_NULL_CONVERSION = YES;
				CLANG_WARN_OBJC_IMPLICIT_RETAIN_SELF = YES;
				CLANG_WARN_OBJC_LITERAL_CONVERSION = YES;
				CLANG_WARN_OBJC_ROOT_CLASS = YES_ERROR;
				CLANG_WARN_QUOTED_INCLUDE_IN_FRAMEWORK_HEADER = YES;
				CLANG_WARN_RANGE_LOOP_ANALYSIS = YES;
				CLANG_WARN_STRICT_PROTOTYPES = YES;
				CLANG_WARN_SUSPICIOUS_MOVE = YES;
				CLANG_WARN_UNGUARDED_AVAILABILITY = YES_AGGRESSIVE;
				CLANG_WARN_UNREACHABLE_CODE = YES;
				CLANG_WARN__DUPLICATE_METHOD_MATCH = YES;
				COPY_PHASE_STRIP = NO;
				DEBUG_INFORMATION_FORMAT = dwarf;
				ENABLE_STRICT_OBJC_MSGSEND = YES;
				ENABLE_TESTABILITY = YES;
				GCC_C_LANGUAGE_STANDARD = gnu11;
				GCC_DYNAMIC_NO_PIC = NO;
				GCC_NO_COMMON_BLOCKS = YES;
				GCC_OPTIMIZATION_LEVEL = 0;
				GCC_PREPROCESSOR_DEFINITIONS = (
					"DEBUG=1",
					"$(inherited)",
				);
				GCC_WARN_64_TO_32_BIT_CONVERSION = YES;
				GCC_WARN_ABOUT_RETURN_TYPE = YES_ERROR;
				GCC_WARN_UNDECLARED_SELECTOR = YES;
				GCC_WARN_UNINITIALIZED_AUTOS = YES_AGGRESSIVE;
				GCC_WARN_UNUSED_FUNCTION = YES;
				GCC_WARN_UNUSED_VARIABLE = YES;
				IPHONEOS_DEPLOYMENT_TARGET = 15.5;
				MTL_ENABLE_DEBUG_INFO = INCLUDE_SOURCE;
				MTL_FAST_MATH = YES;
				ONLY_ACTIVE_ARCH = YES;
				SDKROOT = iphoneos;
				SWIFT_ACTIVE_COMPILATION_CONDITIONS = DEBUG;
				SWIFT_OPTIMIZATION_LEVEL = "-Onone";
			};
			name = Debug;
		};
		B5B555552852FF820076C25E /* Release */ = {
			isa = XCBuildConfiguration;
			buildSettings = {
				ALWAYS_SEARCH_USER_PATHS = NO;
				CLANG_ANALYZER_NONNULL = YES;
				CLANG_ANALYZER_NUMBER_OBJECT_CONVERSION = YES_AGGRESSIVE;
				CLANG_CXX_LANGUAGE_STANDARD = "gnu++17";
				CLANG_ENABLE_MODULES = YES;
				CLANG_ENABLE_OBJC_ARC = YES;
				CLANG_ENABLE_OBJC_WEAK = YES;
				CLANG_WARN_BLOCK_CAPTURE_AUTORELEASING = YES;
				CLANG_WARN_BOOL_CONVERSION = YES;
				CLANG_WARN_COMMA = YES;
				CLANG_WARN_CONSTANT_CONVERSION = YES;
				CLANG_WARN_DEPRECATED_OBJC_IMPLEMENTATIONS = YES;
				CLANG_WARN_DIRECT_OBJC_ISA_USAGE = YES_ERROR;
				CLANG_WARN_DOCUMENTATION_COMMENTS = YES;
				CLANG_WARN_EMPTY_BODY = YES;
				CLANG_WARN_ENUM_CONVERSION = YES;
				CLANG_WARN_INFINITE_RECURSION = YES;
				CLANG_WARN_INT_CONVERSION = YES;
				CLANG_WARN_NON_LITERAL_NULL_CONVERSION = YES;
				CLANG_WARN_OBJC_IMPLICIT_RETAIN_SELF = YES;
				CLANG_WARN_OBJC_LITERAL_CONVERSION = YES;
				CLANG_WARN_OBJC_ROOT_CLASS = YES_ERROR;
				CLANG_WARN_QUOTED_INCLUDE_IN_FRAMEWORK_HEADER = YES;
				CLANG_WARN_RANGE_LOOP_ANALYSIS = YES;
				CLANG_WARN_STRICT_PROTOTYPES = YES;
				CLANG_WARN_SUSPICIOUS_MOVE = YES;
				CLANG_WARN_UNGUARDED_AVAILABILITY = YES_AGGRESSIVE;
				CLANG_WARN_UNREACHABLE_CODE = YES;
				CLANG_WARN__DUPLICATE_METHOD_MATCH = YES;
				COPY_PHASE_STRIP = NO;
				DEBUG_INFORMATION_FORMAT = "dwarf-with-dsym";
				ENABLE_NS_ASSERTIONS = NO;
				ENABLE_STRICT_OBJC_MSGSEND = YES;
				GCC_C_LANGUAGE_STANDARD = gnu11;
				GCC_NO_COMMON_BLOCKS = YES;
				GCC_WARN_64_TO_32_BIT_CONVERSION = YES;
				GCC_WARN_ABOUT_RETURN_TYPE = YES_ERROR;
				GCC_WARN_UNDECLARED_SELECTOR = YES;
				GCC_WARN_UNINITIALIZED_AUTOS = YES_AGGRESSIVE;
				GCC_WARN_UNUSED_FUNCTION = YES;
				GCC_WARN_UNUSED_VARIABLE = YES;
				IPHONEOS_DEPLOYMENT_TARGET = 15.5;
				MTL_ENABLE_DEBUG_INFO = NO;
				MTL_FAST_MATH = YES;
				SDKROOT = iphoneos;
				SWIFT_COMPILATION_MODE = wholemodule;
				SWIFT_OPTIMIZATION_LEVEL = "-O";
				VALIDATE_PRODUCT = YES;
			};
			name = Release;
		};
		B5B555572852FF820076C25E /* Debug */ = {
			isa = XCBuildConfiguration;
			buildSettings = {
				ASSETCATALOG_COMPILER_APPICON_NAME = AppIcon;
				ASSETCATALOG_COMPILER_GLOBAL_ACCENT_COLOR_NAME = AccentColor;
				CODE_SIGN_STYLE = Automatic;
				CURRENT_PROJECT_VERSION = 1;
				DEVELOPMENT_TEAM = 5DUFZTPDQV;
				GENERATE_INFOPLIST_FILE = YES;
				INFOPLIST_FILE = qonfide/Info.plist;
				INFOPLIST_KEY_UIApplicationSupportsIndirectInputEvents = YES;
				INFOPLIST_KEY_UILaunchStoryboardName = LaunchScreen;
				INFOPLIST_KEY_UIMainStoryboardFile = Main;
				INFOPLIST_KEY_UISupportedInterfaceOrientations_iPad = "UIInterfaceOrientationPortrait UIInterfaceOrientationPortraitUpsideDown UIInterfaceOrientationLandscapeLeft UIInterfaceOrientationLandscapeRight";
				INFOPLIST_KEY_UISupportedInterfaceOrientations_iPhone = "UIInterfaceOrientationPortrait UIInterfaceOrientationLandscapeLeft UIInterfaceOrientationLandscapeRight";
				LD_RUNPATH_SEARCH_PATHS = (
					"$(inherited)",
					"@executable_path/Frameworks",
				);
				MARKETING_VERSION = 1.0;
				PRODUCT_BUNDLE_IDENTIFIER = hnslmp.qonfide;
				PRODUCT_NAME = "$(TARGET_NAME)";
				SWIFT_EMIT_LOC_STRINGS = YES;
				SWIFT_VERSION = 5.0;
				TARGETED_DEVICE_FAMILY = "1,2";
			};
			name = Debug;
		};
		B5B555582852FF820076C25E /* Release */ = {
			isa = XCBuildConfiguration;
			buildSettings = {
				ASSETCATALOG_COMPILER_APPICON_NAME = AppIcon;
				ASSETCATALOG_COMPILER_GLOBAL_ACCENT_COLOR_NAME = AccentColor;
				CODE_SIGN_STYLE = Automatic;
				CURRENT_PROJECT_VERSION = 1;
				DEVELOPMENT_TEAM = 5DUFZTPDQV;
				GENERATE_INFOPLIST_FILE = YES;
				INFOPLIST_FILE = qonfide/Info.plist;
				INFOPLIST_KEY_UIApplicationSupportsIndirectInputEvents = YES;
				INFOPLIST_KEY_UILaunchStoryboardName = LaunchScreen;
				INFOPLIST_KEY_UIMainStoryboardFile = Main;
				INFOPLIST_KEY_UISupportedInterfaceOrientations_iPad = "UIInterfaceOrientationPortrait UIInterfaceOrientationPortraitUpsideDown UIInterfaceOrientationLandscapeLeft UIInterfaceOrientationLandscapeRight";
				INFOPLIST_KEY_UISupportedInterfaceOrientations_iPhone = "UIInterfaceOrientationPortrait UIInterfaceOrientationLandscapeLeft UIInterfaceOrientationLandscapeRight";
				LD_RUNPATH_SEARCH_PATHS = (
					"$(inherited)",
					"@executable_path/Frameworks",
				);
				MARKETING_VERSION = 1.0;
				PRODUCT_BUNDLE_IDENTIFIER = hnslmp.qonfide;
				PRODUCT_NAME = "$(TARGET_NAME)";
				SWIFT_EMIT_LOC_STRINGS = YES;
				SWIFT_VERSION = 5.0;
				TARGETED_DEVICE_FAMILY = "1,2";
			};
			name = Release;
		};
/* End XCBuildConfiguration section */

/* Begin XCConfigurationList section */
		B5B5553D2852FF800076C25E /* Build configuration list for PBXProject "qonfide" */ = {
			isa = XCConfigurationList;
			buildConfigurations = (
				B5B555542852FF820076C25E /* Debug */,
				B5B555552852FF820076C25E /* Release */,
			);
			defaultConfigurationIsVisible = 0;
			defaultConfigurationName = Release;
		};
		B5B555562852FF820076C25E /* Build configuration list for PBXNativeTarget "qonfide" */ = {
			isa = XCConfigurationList;
			buildConfigurations = (
				B5B555572852FF820076C25E /* Debug */,
				B5B555582852FF820076C25E /* Release */,
			);
			defaultConfigurationIsVisible = 0;
			defaultConfigurationName = Release;
		};
/* End XCConfigurationList section */

/* Begin XCRemoteSwiftPackageReference section */
		B55F49732856D7E500BC8351 /* XCRemoteSwiftPackageReference "firebase-ios-sdk" */ = {
			isa = XCRemoteSwiftPackageReference;
			repositoryURL = "https://github.com/firebase/firebase-ios-sdk";
			requirement = {
				branch = master;
				kind = branch;
			};
		};
/* End XCRemoteSwiftPackageReference section */

/* Begin XCSwiftPackageProductDependency section */
		B55F49742856D7E500BC8351 /* FirebaseAuth */ = {
			isa = XCSwiftPackageProductDependency;
			package = B55F49732856D7E500BC8351 /* XCRemoteSwiftPackageReference "firebase-ios-sdk" */;
			productName = FirebaseAuth;
		};
		B55F49762856D7E500BC8351 /* FirebaseFirestore */ = {
			isa = XCSwiftPackageProductDependency;
			package = B55F49732856D7E500BC8351 /* XCRemoteSwiftPackageReference "firebase-ios-sdk" */;
			productName = FirebaseFirestore;
		};
		B55F49782856D7E500BC8351 /* FirebaseStorage */ = {
			isa = XCSwiftPackageProductDependency;
			package = B55F49732856D7E500BC8351 /* XCRemoteSwiftPackageReference "firebase-ios-sdk" */;
			productName = FirebaseStorage;
		};
/* End XCSwiftPackageProductDependency section */
	};
	rootObject = B5B5553A2852FF800076C25E /* Project object */;
}
